{
  "pins" : [
    {
      "identity" : "purchases-ios",
      "kind" : "remoteSourceControl",
      "location" : "https://github.com/RevenueCat/purchases-ios.git",
      "state" : {
        "revision" : "afc44aa3ee7d35cb19760d63d13f4dabe58a89a4",
        "version" : "3.14.2"
      }
    },
    {
      "identity" : "swiftsoup",
      "kind" : "remoteSourceControl",
      "location" : "https://github.com/scinfu/SwiftSoup",
      "state" : {
        "revision" : "6778575285177365cbad3e5b8a72f2a20583cfec",
        "version" : "2.4.3"
      }
    },
    {
      "identity" : "swiftui-introspect",
      "kind" : "remoteSourceControl",
      "location" : "https://github.com/siteline/SwiftUI-Introspect.git",
      "state" : {
        "revision" : "f2616860a41f9d9932da412a8978fec79c06fe24",
        "version" : "0.1.4"
      }
    },
    {
      "identity" : "swiftuirefresh",
      "kind" : "remoteSourceControl",
      "location" : "https://github.com/timbersoftware/SwiftUIRefresh.git",
      "state" : {
        "revision" : "fa8fac7b5eb5c729983a8bef65f094b5e0d12014",
        "version" : "0.0.3"
      }
    }
  ],
  "version" : 2
}
