// !$*UTF8*$!
{
	archiveVersion = 1;
	classes = {
	};
	objectVersion = 52;
	objects = {

/* Begin PBXBuildFile section */
		550714E72630E2FD0036DE22 /* NationalDayLogo.swift in Sources */ = {isa = PBXBuildFile; fileRef = 550714E62630E2FD0036DE22 /* NationalDayLogo.swift */; };
		550FDB6B267AA596000A211C /* Blue@2x.png in Resources */ = {isa = PBXBuildFile; fileRef = 550FDB6A267AA596000A211C /* Blue@2x.png */; };
		550FDB6D267AA59D000A211C /* Blue@3x.png in Resources */ = {isa = PBXBuildFile; fileRef = 550FDB6C267AA59D000A211C /* Blue@3x.png */; };
		550FDB6F267AA5AB000A211C /* Green@2x.png in Resources */ = {isa = PBXBuildFile; fileRef = 550FDB6E267AA5AB000A211C /* Green@2x.png */; };
		550FDB71267AA5B0000A211C /* Green@3x.png in Resources */ = {isa = PBXBuildFile; fileRef = 550FDB70267AA5B0000A211C /* Green@3x.png */; };
		550FDB73267AA5BF000A211C /* Pink@2x.png in Resources */ = {isa = PBXBuildFile; fileRef = 550FDB72267AA5BF000A211C /* Pink@2x.png */; };
		550FDB75267AA5C4000A211C /* Pink@3x.png in Resources */ = {isa = PBXBuildFile; fileRef = 550FDB74267AA5C4000A211C /* Pink@3x.png */; };
		553C68C0268277FB00367E0C /* WidgetKit.framework in Frameworks */ = {isa = PBXBuildFile; fileRef = 553C68BF268277FB00367E0C /* WidgetKit.framework */; };
		553C68C2268277FB00367E0C /* SwiftUI.framework in Frameworks */ = {isa = PBXBuildFile; fileRef = 553C68C1268277FB00367E0C /* SwiftUI.framework */; };
		553C68C5268277FB00367E0C /* TodayIsWidget.swift in Sources */ = {isa = PBXBuildFile; fileRef = 553C68C4268277FB00367E0C /* TodayIsWidget.swift */; };
		553C68C8268277FC00367E0C /* Assets.xcassets in Resources */ = {isa = PBXBuildFile; fileRef = 553C68C7268277FC00367E0C /* Assets.xcassets */; };
		553C68CA268277FC00367E0C /* TodayIsWidget.intentdefinition in Sources */ = {isa = PBXBuildFile; fileRef = 553C68C6268277FB00367E0C /* TodayIsWidget.intentdefinition */; };
		553C68CB268277FC00367E0C /* TodayIsWidget.intentdefinition in Sources */ = {isa = PBXBuildFile; fileRef = 553C68C6268277FB00367E0C /* TodayIsWidget.intentdefinition */; };
		553C68CE268277FC00367E0C /* TodayIsWidgetExtension.appex in Embed App Extensions */ = {isa = PBXBuildFile; fileRef = 553C68BD268277FB00367E0C /* TodayIsWidgetExtension.appex */; settings = {ATTRIBUTES = (RemoveHeadersOnCopy, ); }; };
		553C68D426827D1400367E0C /* WidgetNetworkManager.swift in Sources */ = {isa = PBXBuildFile; fileRef = 553C68D326827D1400367E0C /* WidgetNetworkManager.swift */; };
		553C68D62682845F00367E0C /* SwiftSoup in Frameworks */ = {isa = PBXBuildFile; productRef = 553C68D52682845F00367E0C /* SwiftSoup */; };
		553ED5A826225A2A000D5757 /* SwiftSoup in Frameworks */ = {isa = PBXBuildFile; productRef = 553ED5A726225A2A000D5757 /* SwiftSoup */; };
		553ED5AC26226C0B000D5757 /* Holiday.swift in Sources */ = {isa = PBXBuildFile; fileRef = 553ED5AB26226C0B000D5757 /* Holiday.swift */; };
		553ED5AF26234AC5000D5757 /* NationalDayListViewModel.swift in Sources */ = {isa = PBXBuildFile; fileRef = 553ED5AE26234AC5000D5757 /* NationalDayListViewModel.swift */; };
		553ED5B82623BA99000D5757 /* NationalDayViewModel.swift in Sources */ = {isa = PBXBuildFile; fileRef = 553ED5B72623BA99000D5757 /* NationalDayViewModel.swift */; };
		557AED0A2628F50E009B6FCD /* RemoteImage.swift in Sources */ = {isa = PBXBuildFile; fileRef = 557AED092628F50E009B6FCD /* RemoteImage.swift */; };
		5583E83126418BE900CD66DC /* TomorrowListView.swift in Sources */ = {isa = PBXBuildFile; fileRef = 5583E83026418BE900CD66DC /* TomorrowListView.swift */; };
		5583E83426418EF200CD66DC /* TomorrowListViewModel.swift in Sources */ = {isa = PBXBuildFile; fileRef = 5583E83326418EF200CD66DC /* TomorrowListViewModel.swift */; };
		558A54EC25F6A4C9003E1072 /* TodayIsApp.swift in Sources */ = {isa = PBXBuildFile; fileRef = 558A54EB25F6A4C9003E1072 /* TodayIsApp.swift */; };
		558A54EE25F6A4C9003E1072 /* NationalDayView.swift in Sources */ = {isa = PBXBuildFile; fileRef = 558A54ED25F6A4C9003E1072 /* NationalDayView.swift */; };
		558A54F025F6A4CA003E1072 /* Assets.xcassets in Resources */ = {isa = PBXBuildFile; fileRef = 558A54EF25F6A4CA003E1072 /* Assets.xcassets */; };
		558A54F325F6A4CA003E1072 /* Preview Assets.xcassets in Resources */ = {isa = PBXBuildFile; fileRef = 558A54F225F6A4CA003E1072 /* Preview Assets.xcassets */; };
		5598E1772662F7890047B02B /* TabBarView.swift in Sources */ = {isa = PBXBuildFile; fileRef = 5598E1762662F7890047B02B /* TabBarView.swift */; };
		5598E17A2662FA910047B02B /* SearchView.swift in Sources */ = {isa = PBXBuildFile; fileRef = 5598E1792662FA910047B02B /* SearchView.swift */; };
		5598E17D2662FAAA0047B02B /* MoreView.swift in Sources */ = {isa = PBXBuildFile; fileRef = 5598E17C2662FAAA0047B02B /* MoreView.swift */; };
		55C04754261FA653000DCD90 /* NationalDayListView.swift in Sources */ = {isa = PBXBuildFile; fileRef = 55C04753261FA653000DCD90 /* NationalDayListView.swift */; };
		55C04759261FA94D000DCD90 /* NetworkManager.swift in Sources */ = {isa = PBXBuildFile; fileRef = 55C04758261FA94D000DCD90 /* NetworkManager.swift */; };
		55C0475C261FAA2A000DCD90 /* TIError.swift in Sources */ = {isa = PBXBuildFile; fileRef = 55C0475B261FAA2A000DCD90 /* TIError.swift */; };
		55C04760261FAA5A000DCD90 /* Alert.swift in Sources */ = {isa = PBXBuildFile; fileRef = 55C0475F261FAA5A000DCD90 /* Alert.swift */; };
		55E1FF6F26350576007FA5CB /* SwiftUIRefresh in Frameworks */ = {isa = PBXBuildFile; productRef = 55E1FF6E26350576007FA5CB /* SwiftUIRefresh */; };
		55E5620A266674AF006F77C8 /* SearchViewModel.swift in Sources */ = {isa = PBXBuildFile; fileRef = 55E56209266674AF006F77C8 /* SearchViewModel.swift */; };
		55E5620D26667B27006F77C8 /* String+Ext.swift in Sources */ = {isa = PBXBuildFile; fileRef = 55E5620C26667B27006F77C8 /* String+Ext.swift */; };
		55E5620F2666B2DB006F77C8 /* Date+Ext.swift in Sources */ = {isa = PBXBuildFile; fileRef = 55E5620E2666B2DB006F77C8 /* Date+Ext.swift */; };
		55E562112668336F006F77C8 /* MoreDetailedView.swift in Sources */ = {isa = PBXBuildFile; fileRef = 55E562102668336F006F77C8 /* MoreDetailedView.swift */; };
		55E5621326683428006F77C8 /* TipJarView.swift in Sources */ = {isa = PBXBuildFile; fileRef = 55E5621226683428006F77C8 /* TipJarView.swift */; };
		55E562182668351D006F77C8 /* DeveloperView.swift in Sources */ = {isa = PBXBuildFile; fileRef = 55E562172668351D006F77C8 /* DeveloperView.swift */; };
		55E5621B26684839006F77C8 /* Purchases in Frameworks */ = {isa = PBXBuildFile; productRef = 55E5621A26684839006F77C8 /* Purchases */; };
		55E5621D2668488F006F77C8 /* IAPManager.swift in Sources */ = {isa = PBXBuildFile; fileRef = 55E5621C2668488F006F77C8 /* IAPManager.swift */; };
		55E5621F266972AC006F77C8 /* APRow.swift in Sources */ = {isa = PBXBuildFile; fileRef = 55E5621E266972AC006F77C8 /* APRow.swift */; };
		55E5622126697E4A006F77C8 /* IconView.swift in Sources */ = {isa = PBXBuildFile; fileRef = 55E5622026697E4A006F77C8 /* IconView.swift */; };
		55E562242669833C006F77C8 /* Blue.png in Resources */ = {isa = PBXBuildFile; fileRef = 55E562232669833C006F77C8 /* Blue.png */; };
		55E5622626698361006F77C8 /* Green.png in Resources */ = {isa = PBXBuildFile; fileRef = 55E5622526698361006F77C8 /* Green.png */; };
		55E5622826698381006F77C8 /* Pink.png in Resources */ = {isa = PBXBuildFile; fileRef = 55E5622726698381006F77C8 /* Pink.png */; };
		55E5622A266985EE006F77C8 /* IconNames.swift in Sources */ = {isa = PBXBuildFile; fileRef = 55E56229266985EE006F77C8 /* IconNames.swift */; };
		55E56230266C4EAB006F77C8 /* EmptyState.swift in Sources */ = {isa = PBXBuildFile; fileRef = 55E5622F266C4EAB006F77C8 /* EmptyState.swift */; };
		55E56233266C4F03006F77C8 /* SearchDatePicker.swift in Sources */ = {isa = PBXBuildFile; fileRef = 55E56232266C4F03006F77C8 /* SearchDatePicker.swift */; };
		55E56236266C4F5F006F77C8 /* SearchListView.swift in Sources */ = {isa = PBXBuildFile; fileRef = 55E56235266C4F5F006F77C8 /* SearchListView.swift */; };
		55E56238266C5109006F77C8 /* NationalHolidayLinkLogo.swift in Sources */ = {isa = PBXBuildFile; fileRef = 55E56237266C5109006F77C8 /* NationalHolidayLinkLogo.swift */; };
		55E77C1D262C99E4000AF1BD /* TIButton.swift in Sources */ = {isa = PBXBuildFile; fileRef = 55E77C1C262C99E4000AF1BD /* TIButton.swift */; };
/* End PBXBuildFile section */

/* Begin PBXContainerItemProxy section */
		553C68CC268277FC00367E0C /* PBXContainerItemProxy */ = {
			isa = PBXContainerItemProxy;
			containerPortal = 558A54E025F6A4C9003E1072 /* Project object */;
			proxyType = 1;
			remoteGlobalIDString = 553C68BC268277FB00367E0C;
			remoteInfo = TodayIsWidgetExtension;
		};
/* End PBXContainerItemProxy section */

/* Begin PBXCopyFilesBuildPhase section */
		553C68CF268277FC00367E0C /* Embed App Extensions */ = {
			isa = PBXCopyFilesBuildPhase;
			buildActionMask = 2147483647;
			dstPath = "";
			dstSubfolderSpec = 13;
			files = (
				553C68CE268277FC00367E0C /* TodayIsWidgetExtension.appex in Embed App Extensions */,
			);
			name = "Embed App Extensions";
			runOnlyForDeploymentPostprocessing = 0;
		};
/* End PBXCopyFilesBuildPhase section */

/* Begin PBXFileReference section */
		550714E62630E2FD0036DE22 /* NationalDayLogo.swift */ = {isa = PBXFileReference; lastKnownFileType = sourcecode.swift; path = NationalDayLogo.swift; sourceTree = "<group>"; };
		550FDB6A267AA596000A211C /* Blue@2x.png */ = {isa = PBXFileReference; lastKnownFileType = image.png; path = "Blue@2x.png"; sourceTree = "<group>"; };
		550FDB6C267AA59D000A211C /* Blue@3x.png */ = {isa = PBXFileReference; lastKnownFileType = image.png; path = "Blue@3x.png"; sourceTree = "<group>"; };
		550FDB6E267AA5AB000A211C /* Green@2x.png */ = {isa = PBXFileReference; lastKnownFileType = image.png; name = "Green@2x.png"; path = "../../../../../../../../Downloads/GreenCalandarIcon/Assets.xcassets/AppIcon.appiconset/Green@2x.png"; sourceTree = "<group>"; };
		550FDB70267AA5B0000A211C /* Green@3x.png */ = {isa = PBXFileReference; lastKnownFileType = image.png; name = "Green@3x.png"; path = "../../../../../../../../Downloads/GreenCalandarIcon/Assets.xcassets/AppIcon.appiconset/Green@3x.png"; sourceTree = "<group>"; };
		550FDB72267AA5BF000A211C /* Pink@2x.png */ = {isa = PBXFileReference; lastKnownFileType = image.png; name = "Pink@2x.png"; path = "../../../../../../../../Downloads/PinkCalandarIcon/Assets.xcassets/AppIcon.appiconset/Pink@2x.png"; sourceTree = "<group>"; };
		550FDB74267AA5C4000A211C /* Pink@3x.png */ = {isa = PBXFileReference; lastKnownFileType = image.png; name = "Pink@3x.png"; path = "../../../../../../../../Downloads/PinkCalandarIcon/Assets.xcassets/AppIcon.appiconset/Pink@3x.png"; sourceTree = "<group>"; };
		553C68BD268277FB00367E0C /* TodayIsWidgetExtension.appex */ = {isa = PBXFileReference; explicitFileType = "wrapper.app-extension"; includeInIndex = 0; path = TodayIsWidgetExtension.appex; sourceTree = BUILT_PRODUCTS_DIR; };
		553C68BF268277FB00367E0C /* WidgetKit.framework */ = {isa = PBXFileReference; lastKnownFileType = wrapper.framework; name = WidgetKit.framework; path = System/Library/Frameworks/WidgetKit.framework; sourceTree = SDKROOT; };
		553C68C1268277FB00367E0C /* SwiftUI.framework */ = {isa = PBXFileReference; lastKnownFileType = wrapper.framework; name = SwiftUI.framework; path = System/Library/Frameworks/SwiftUI.framework; sourceTree = SDKROOT; };
		553C68C4268277FB00367E0C /* TodayIsWidget.swift */ = {isa = PBXFileReference; lastKnownFileType = sourcecode.swift; path = TodayIsWidget.swift; sourceTree = "<group>"; };
		553C68C6268277FB00367E0C /* TodayIsWidget.intentdefinition */ = {isa = PBXFileReference; lastKnownFileType = file.intentdefinition; path = TodayIsWidget.intentdefinition; sourceTree = "<group>"; };
		553C68C7268277FC00367E0C /* Assets.xcassets */ = {isa = PBXFileReference; lastKnownFileType = folder.assetcatalog; path = Assets.xcassets; sourceTree = "<group>"; };
		553C68C9268277FC00367E0C /* Info.plist */ = {isa = PBXFileReference; lastKnownFileType = text.plist.xml; path = Info.plist; sourceTree = "<group>"; };
		553C68D326827D1400367E0C /* WidgetNetworkManager.swift */ = {isa = PBXFileReference; lastKnownFileType = sourcecode.swift; path = WidgetNetworkManager.swift; sourceTree = "<group>"; };
		553ED5AB26226C0B000D5757 /* Holiday.swift */ = {isa = PBXFileReference; lastKnownFileType = sourcecode.swift; path = Holiday.swift; sourceTree = "<group>"; };
		553ED5AE26234AC5000D5757 /* NationalDayListViewModel.swift */ = {isa = PBXFileReference; lastKnownFileType = sourcecode.swift; path = NationalDayListViewModel.swift; sourceTree = "<group>"; };
		553ED5B72623BA99000D5757 /* NationalDayViewModel.swift */ = {isa = PBXFileReference; lastKnownFileType = sourcecode.swift; path = NationalDayViewModel.swift; sourceTree = "<group>"; };
		557AED092628F50E009B6FCD /* RemoteImage.swift */ = {isa = PBXFileReference; lastKnownFileType = sourcecode.swift; path = RemoteImage.swift; sourceTree = "<group>"; };
		5583E83026418BE900CD66DC /* TomorrowListView.swift */ = {isa = PBXFileReference; lastKnownFileType = sourcecode.swift; path = TomorrowListView.swift; sourceTree = "<group>"; };
		5583E83326418EF200CD66DC /* TomorrowListViewModel.swift */ = {isa = PBXFileReference; lastKnownFileType = sourcecode.swift; path = TomorrowListViewModel.swift; sourceTree = "<group>"; };
		558A54E825F6A4C9003E1072 /* TodayIs.app */ = {isa = PBXFileReference; explicitFileType = wrapper.application; includeInIndex = 0; path = TodayIs.app; sourceTree = BUILT_PRODUCTS_DIR; };
		558A54EB25F6A4C9003E1072 /* TodayIsApp.swift */ = {isa = PBXFileReference; lastKnownFileType = sourcecode.swift; path = TodayIsApp.swift; sourceTree = "<group>"; };
		558A54ED25F6A4C9003E1072 /* NationalDayView.swift */ = {isa = PBXFileReference; lastKnownFileType = sourcecode.swift; path = NationalDayView.swift; sourceTree = "<group>"; };
		558A54EF25F6A4CA003E1072 /* Assets.xcassets */ = {isa = PBXFileReference; lastKnownFileType = folder.assetcatalog; path = Assets.xcassets; sourceTree = "<group>"; };
		558A54F225F6A4CA003E1072 /* Preview Assets.xcassets */ = {isa = PBXFileReference; lastKnownFileType = folder.assetcatalog; path = "Preview Assets.xcassets"; sourceTree = "<group>"; };
		558A54F425F6A4CA003E1072 /* Info.plist */ = {isa = PBXFileReference; lastKnownFileType = text.plist.xml; path = Info.plist; sourceTree = "<group>"; };
		5598E1762662F7890047B02B /* TabBarView.swift */ = {isa = PBXFileReference; lastKnownFileType = sourcecode.swift; path = TabBarView.swift; sourceTree = "<group>"; };
		5598E1792662FA910047B02B /* SearchView.swift */ = {isa = PBXFileReference; lastKnownFileType = sourcecode.swift; path = SearchView.swift; sourceTree = "<group>"; };
		5598E17C2662FAAA0047B02B /* MoreView.swift */ = {isa = PBXFileReference; lastKnownFileType = sourcecode.swift; path = MoreView.swift; sourceTree = "<group>"; };
		55C04753261FA653000DCD90 /* NationalDayListView.swift */ = {isa = PBXFileReference; lastKnownFileType = sourcecode.swift; path = NationalDayListView.swift; sourceTree = "<group>"; };
		55C04758261FA94D000DCD90 /* NetworkManager.swift */ = {isa = PBXFileReference; lastKnownFileType = sourcecode.swift; path = NetworkManager.swift; sourceTree = "<group>"; };
		55C0475B261FAA2A000DCD90 /* TIError.swift */ = {isa = PBXFileReference; lastKnownFileType = sourcecode.swift; path = TIError.swift; sourceTree = "<group>"; };
		55C0475F261FAA5A000DCD90 /* Alert.swift */ = {isa = PBXFileReference; lastKnownFileType = sourcecode.swift; path = Alert.swift; sourceTree = "<group>"; };
		55E56209266674AF006F77C8 /* SearchViewModel.swift */ = {isa = PBXFileReference; lastKnownFileType = sourcecode.swift; path = SearchViewModel.swift; sourceTree = "<group>"; };
		55E5620C26667B27006F77C8 /* String+Ext.swift */ = {isa = PBXFileReference; lastKnownFileType = sourcecode.swift; path = "String+Ext.swift"; sourceTree = "<group>"; };
		55E5620E2666B2DB006F77C8 /* Date+Ext.swift */ = {isa = PBXFileReference; lastKnownFileType = sourcecode.swift; path = "Date+Ext.swift"; sourceTree = "<group>"; };
		55E562102668336F006F77C8 /* MoreDetailedView.swift */ = {isa = PBXFileReference; lastKnownFileType = sourcecode.swift; path = MoreDetailedView.swift; sourceTree = "<group>"; };
		55E5621226683428006F77C8 /* TipJarView.swift */ = {isa = PBXFileReference; lastKnownFileType = sourcecode.swift; path = TipJarView.swift; sourceTree = "<group>"; };
		55E562172668351D006F77C8 /* DeveloperView.swift */ = {isa = PBXFileReference; lastKnownFileType = sourcecode.swift; path = DeveloperView.swift; sourceTree = "<group>"; };
		55E5621C2668488F006F77C8 /* IAPManager.swift */ = {isa = PBXFileReference; lastKnownFileType = sourcecode.swift; path = IAPManager.swift; sourceTree = "<group>"; };
		55E5621E266972AC006F77C8 /* APRow.swift */ = {isa = PBXFileReference; lastKnownFileType = sourcecode.swift; path = APRow.swift; sourceTree = "<group>"; };
		55E5622026697E4A006F77C8 /* IconView.swift */ = {isa = PBXFileReference; lastKnownFileType = sourcecode.swift; path = IconView.swift; sourceTree = "<group>"; };
		55E562232669833C006F77C8 /* Blue.png */ = {isa = PBXFileReference; lastKnownFileType = image.png; path = Blue.png; sourceTree = "<group>"; };
		55E5622526698361006F77C8 /* Green.png */ = {isa = PBXFileReference; lastKnownFileType = image.png; path = Green.png; sourceTree = "<group>"; };
		55E5622726698381006F77C8 /* Pink.png */ = {isa = PBXFileReference; lastKnownFileType = image.png; path = Pink.png; sourceTree = "<group>"; };
		55E56229266985EE006F77C8 /* IconNames.swift */ = {isa = PBXFileReference; lastKnownFileType = sourcecode.swift; path = IconNames.swift; sourceTree = "<group>"; };
		55E5622F266C4EAB006F77C8 /* EmptyState.swift */ = {isa = PBXFileReference; lastKnownFileType = sourcecode.swift; path = EmptyState.swift; sourceTree = "<group>"; };
		55E56232266C4F03006F77C8 /* SearchDatePicker.swift */ = {isa = PBXFileReference; lastKnownFileType = sourcecode.swift; path = SearchDatePicker.swift; sourceTree = "<group>"; };
		55E56235266C4F5F006F77C8 /* SearchListView.swift */ = {isa = PBXFileReference; lastKnownFileType = sourcecode.swift; path = SearchListView.swift; sourceTree = "<group>"; };
		55E56237266C5109006F77C8 /* NationalHolidayLinkLogo.swift */ = {isa = PBXFileReference; lastKnownFileType = sourcecode.swift; path = NationalHolidayLinkLogo.swift; sourceTree = "<group>"; };
		55E77C1C262C99E4000AF1BD /* TIButton.swift */ = {isa = PBXFileReference; lastKnownFileType = sourcecode.swift; path = TIButton.swift; sourceTree = "<group>"; };
/* End PBXFileReference section */

/* Begin PBXFrameworksBuildPhase section */
		553C68BA268277FB00367E0C /* Frameworks */ = {
			isa = PBXFrameworksBuildPhase;
			buildActionMask = 2147483647;
			files = (
				553C68C2268277FB00367E0C /* SwiftUI.framework in Frameworks */,
				553C68C0268277FB00367E0C /* WidgetKit.framework in Frameworks */,
				553C68D62682845F00367E0C /* SwiftSoup in Frameworks */,
			);
			runOnlyForDeploymentPostprocessing = 0;
		};
		558A54E525F6A4C9003E1072 /* Frameworks */ = {
			isa = PBXFrameworksBuildPhase;
			buildActionMask = 2147483647;
			files = (
				55E1FF6F26350576007FA5CB /* SwiftUIRefresh in Frameworks */,
				553ED5A826225A2A000D5757 /* SwiftSoup in Frameworks */,
				55E5621B26684839006F77C8 /* Purchases in Frameworks */,
			);
			runOnlyForDeploymentPostprocessing = 0;
		};
/* End PBXFrameworksBuildPhase section */

/* Begin PBXGroup section */
		550714E9263104120036DE22 /* NationalDayDetailView */ = {
			isa = PBXGroup;
			children = (
				558A54ED25F6A4C9003E1072 /* NationalDayView.swift */,
				553ED5B72623BA99000D5757 /* NationalDayViewModel.swift */,
			);
			path = NationalDayDetailView;
			sourceTree = "<group>";
		};
		553C68BE268277FB00367E0C /* Frameworks */ = {
			isa = PBXGroup;
			children = (
				553C68BF268277FB00367E0C /* WidgetKit.framework */,
				553C68C1268277FB00367E0C /* SwiftUI.framework */,
			);
			name = Frameworks;
			sourceTree = "<group>";
		};
		553C68C3268277FB00367E0C /* TodayIsWidget */ = {
			isa = PBXGroup;
			children = (
				553C68C4268277FB00367E0C /* TodayIsWidget.swift */,
				553C68D326827D1400367E0C /* WidgetNetworkManager.swift */,
				553C68C6268277FB00367E0C /* TodayIsWidget.intentdefinition */,
				553C68C7268277FC00367E0C /* Assets.xcassets */,
				553C68C9268277FC00367E0C /* Info.plist */,
			);
			path = TodayIsWidget;
			sourceTree = "<group>";
		};
		553ED5B2262355DE000D5757 /* NationalDayList */ = {
			isa = PBXGroup;
			children = (
				55C04753261FA653000DCD90 /* NationalDayListView.swift */,
				553ED5AE26234AC5000D5757 /* NationalDayListViewModel.swift */,
			);
			path = NationalDayList;
			sourceTree = "<group>";
		};
		553ED5B42623560A000D5757 /* Model */ = {
			isa = PBXGroup;
			children = (
				553ED5AB26226C0B000D5757 /* Holiday.swift */,
				557AED092628F50E009B6FCD /* RemoteImage.swift */,
			);
			path = Model;
			sourceTree = "<group>";
		};
		5583E83226418E9300CD66DC /* TomorrowListView */ = {
			isa = PBXGroup;
			children = (
				5583E83026418BE900CD66DC /* TomorrowListView.swift */,
				5583E83326418EF200CD66DC /* TomorrowListViewModel.swift */,
			);
			path = TomorrowListView;
			sourceTree = "<group>";
		};
		558A54DF25F6A4C9003E1072 = {
			isa = PBXGroup;
			children = (
				558A54EA25F6A4C9003E1072 /* TodayIs */,
				553C68C3268277FB00367E0C /* TodayIsWidget */,
				553C68BE268277FB00367E0C /* Frameworks */,
				558A54E925F6A4C9003E1072 /* Products */,
			);
			sourceTree = "<group>";
		};
		558A54E925F6A4C9003E1072 /* Products */ = {
			isa = PBXGroup;
			children = (
				558A54E825F6A4C9003E1072 /* TodayIs.app */,
				553C68BD268277FB00367E0C /* TodayIsWidgetExtension.appex */,
			);
			name = Products;
			sourceTree = "<group>";
		};
		558A54EA25F6A4C9003E1072 /* TodayIs */ = {
			isa = PBXGroup;
			children = (
				558A54EB25F6A4C9003E1072 /* TodayIsApp.swift */,
				55C04767261FAB6E000DCD90 /* Screens */,
				55E77C1B262C99C4000AF1BD /* Views */,
				55C04764261FAB38000DCD90 /* Utilities */,
				553ED5B42623560A000D5757 /* Model */,
				558A54EF25F6A4CA003E1072 /* Assets.xcassets */,
				558A54F425F6A4CA003E1072 /* Info.plist */,
				558A54F125F6A4CA003E1072 /* Preview Content */,
			);
			path = TodayIs;
			sourceTree = "<group>";
		};
		558A54F125F6A4CA003E1072 /* Preview Content */ = {
			isa = PBXGroup;
			children = (
				558A54F225F6A4CA003E1072 /* Preview Assets.xcassets */,
			);
			path = "Preview Content";
			sourceTree = "<group>";
		};
		5596692F267816D60080C579 /* Row */ = {
			isa = PBXGroup;
			children = (
				55E5621E266972AC006F77C8 /* APRow.swift */,
			);
			path = Row;
			sourceTree = "<group>";
		};
		5598E1782662FA800047B02B /* Search */ = {
			isa = PBXGroup;
			children = (
				5598E1792662FA910047B02B /* SearchView.swift */,
				55E56209266674AF006F77C8 /* SearchViewModel.swift */,
			);
			path = Search;
			sourceTree = "<group>";
		};
		5598E17B2662FA970047B02B /* More */ = {
			isa = PBXGroup;
			children = (
				5598E17C2662FAAA0047B02B /* MoreView.swift */,
				55E562102668336F006F77C8 /* MoreDetailedView.swift */,
				55E56214266834D8006F77C8 /* TipJar */,
				55E56215266834E8006F77C8 /* ChangeIcon */,
				55E56216266834FA006F77C8 /* Developer */,
			);
			path = More;
			sourceTree = "<group>";
		};
		55C04762261FAB2B000DCD90 /* Alert */ = {
			isa = PBXGroup;
			children = (
				55C0475B261FAA2A000DCD90 /* TIError.swift */,
				55C0475F261FAA5A000DCD90 /* Alert.swift */,
			);
			path = Alert;
			sourceTree = "<group>";
		};
		55C04764261FAB38000DCD90 /* Utilities */ = {
			isa = PBXGroup;
			children = (
				55E562222669826E006F77C8 /* AlternateIcons */,
				55E5620B26667B13006F77C8 /* Extensions */,
				55C04765261FAB54000DCD90 /* Managers */,
				55C04762261FAB2B000DCD90 /* Alert */,
			);
			path = Utilities;
			sourceTree = "<group>";
		};
		55C04765261FAB54000DCD90 /* Managers */ = {
			isa = PBXGroup;
			children = (
				55E5621C2668488F006F77C8 /* IAPManager.swift */,
				55C04758261FA94D000DCD90 /* NetworkManager.swift */,
			);
			path = Managers;
			sourceTree = "<group>";
		};
		55C04767261FAB6E000DCD90 /* Screens */ = {
			isa = PBXGroup;
			children = (
				5598E1762662F7890047B02B /* TabBarView.swift */,
				553ED5B2262355DE000D5757 /* NationalDayList */,
				550714E9263104120036DE22 /* NationalDayDetailView */,
				5583E83226418E9300CD66DC /* TomorrowListView */,
				5598E1782662FA800047B02B /* Search */,
				5598E17B2662FA970047B02B /* More */,
			);
			path = Screens;
			sourceTree = "<group>";
		};
		55E5620B26667B13006F77C8 /* Extensions */ = {
			isa = PBXGroup;
			children = (
				55E5620C26667B27006F77C8 /* String+Ext.swift */,
				55E5620E2666B2DB006F77C8 /* Date+Ext.swift */,
			);
			path = Extensions;
			sourceTree = "<group>";
		};
		55E56214266834D8006F77C8 /* TipJar */ = {
			isa = PBXGroup;
			children = (
				55E5621226683428006F77C8 /* TipJarView.swift */,
			);
			path = TipJar;
			sourceTree = "<group>";
		};
		55E56215266834E8006F77C8 /* ChangeIcon */ = {
			isa = PBXGroup;
			children = (
				55E5622026697E4A006F77C8 /* IconView.swift */,
				55E56229266985EE006F77C8 /* IconNames.swift */,
			);
			name = ChangeIcon;
			sourceTree = "<group>";
		};
		55E56216266834FA006F77C8 /* Developer */ = {
			isa = PBXGroup;
			children = (
				55E562172668351D006F77C8 /* DeveloperView.swift */,
			);
			path = Developer;
			sourceTree = "<group>";
		};
		55E562222669826E006F77C8 /* AlternateIcons */ = {
			isa = PBXGroup;
			children = (
				55E5622526698361006F77C8 /* Green.png */,
				550FDB6E267AA5AB000A211C /* Green@2x.png */,
				550FDB70267AA5B0000A211C /* Green@3x.png */,
				55E562232669833C006F77C8 /* Blue.png */,
				550FDB6A267AA596000A211C /* Blue@2x.png */,
				550FDB6C267AA59D000A211C /* Blue@3x.png */,
				55E5622726698381006F77C8 /* Pink.png */,
				550FDB72267AA5BF000A211C /* Pink@2x.png */,
				550FDB74267AA5C4000A211C /* Pink@3x.png */,
			);
			path = AlternateIcons;
			sourceTree = "<group>";
		};
		55E5622E266C4E8E006F77C8 /* Empty States */ = {
			isa = PBXGroup;
			children = (
				55E5622F266C4EAB006F77C8 /* EmptyState.swift */,
			);
			path = "Empty States";
			sourceTree = "<group>";
		};
		55E56231266C4EE5006F77C8 /* PickerViews */ = {
			isa = PBXGroup;
			children = (
				55E56232266C4F03006F77C8 /* SearchDatePicker.swift */,
			);
			path = PickerViews;
			sourceTree = "<group>";
		};
		55E56234266C4F43006F77C8 /* ListViews */ = {
			isa = PBXGroup;
			children = (
				55E56235266C4F5F006F77C8 /* SearchListView.swift */,
			);
			path = ListViews;
			sourceTree = "<group>";
		};
		55E77C1B262C99C4000AF1BD /* Views */ = {
			isa = PBXGroup;
			children = (
				5596692F267816D60080C579 /* Row */,
				55E56234266C4F43006F77C8 /* ListViews */,
				55E56231266C4EE5006F77C8 /* PickerViews */,
				55E5622E266C4E8E006F77C8 /* Empty States */,
				55E77C20262DB965000AF1BD /* Buttons */,
			);
			path = Views;
			sourceTree = "<group>";
		};
		55E77C20262DB965000AF1BD /* Buttons */ = {
			isa = PBXGroup;
			children = (
				55E77C1C262C99E4000AF1BD /* TIButton.swift */,
				550714E62630E2FD0036DE22 /* NationalDayLogo.swift */,
				55E56237266C5109006F77C8 /* NationalHolidayLinkLogo.swift */,
			);
			path = Buttons;
			sourceTree = "<group>";
		};
/* End PBXGroup section */

/* Begin PBXNativeTarget section */
		553C68BC268277FB00367E0C /* TodayIsWidgetExtension */ = {
			isa = PBXNativeTarget;
			buildConfigurationList = 553C68D2268277FC00367E0C /* Build configuration list for PBXNativeTarget "TodayIsWidgetExtension" */;
			buildPhases = (
				553C68B9268277FB00367E0C /* Sources */,
				553C68BA268277FB00367E0C /* Frameworks */,
				553C68BB268277FB00367E0C /* Resources */,
			);
			buildRules = (
			);
			dependencies = (
			);
			name = TodayIsWidgetExtension;
			packageProductDependencies = (
				553C68D52682845F00367E0C /* SwiftSoup */,
			);
			productName = TodayIsWidgetExtension;
			productReference = 553C68BD268277FB00367E0C /* TodayIsWidgetExtension.appex */;
			productType = "com.apple.product-type.app-extension";
		};
		558A54E725F6A4C9003E1072 /* TodayIs */ = {
			isa = PBXNativeTarget;
			buildConfigurationList = 558A54F725F6A4CA003E1072 /* Build configuration list for PBXNativeTarget "TodayIs" */;
			buildPhases = (
				558A54E425F6A4C9003E1072 /* Sources */,
				558A54E525F6A4C9003E1072 /* Frameworks */,
				558A54E625F6A4C9003E1072 /* Resources */,
				553C68CF268277FC00367E0C /* Embed App Extensions */,
			);
			buildRules = (
			);
			dependencies = (
				553C68CD268277FC00367E0C /* PBXTargetDependency */,
			);
			name = TodayIs;
			packageProductDependencies = (
				553ED5A726225A2A000D5757 /* SwiftSoup */,
				55E1FF6E26350576007FA5CB /* SwiftUIRefresh */,
				55E5621A26684839006F77C8 /* Purchases */,
			);
			productName = TodayIs;
			productReference = 558A54E825F6A4C9003E1072 /* TodayIs.app */;
			productType = "com.apple.product-type.application";
		};
/* End PBXNativeTarget section */

/* Begin PBXProject section */
		558A54E025F6A4C9003E1072 /* Project object */ = {
			isa = PBXProject;
			attributes = {
				LastSwiftUpdateCheck = 1250;
				LastUpgradeCheck = 1240;
				TargetAttributes = {
					553C68BC268277FB00367E0C = {
						CreatedOnToolsVersion = 12.5.1;
					};
					558A54E725F6A4C9003E1072 = {
						CreatedOnToolsVersion = 12.4;
					};
				};
			};
			buildConfigurationList = 558A54E325F6A4C9003E1072 /* Build configuration list for PBXProject "TodayIs" */;
			compatibilityVersion = "Xcode 9.3";
			developmentRegion = en;
			hasScannedForEncodings = 0;
			knownRegions = (
				en,
				Base,
			);
			mainGroup = 558A54DF25F6A4C9003E1072;
			packageReferences = (
				553ED5A626225A2A000D5757 /* XCRemoteSwiftPackageReference "SwiftSoup" */,
				55E1FF6D26350576007FA5CB /* XCRemoteSwiftPackageReference "SwiftUIRefresh" */,
				55E5621926684839006F77C8 /* XCRemoteSwiftPackageReference "purchases-ios" */,
			);
			productRefGroup = 558A54E925F6A4C9003E1072 /* Products */;
			projectDirPath = "";
			projectRoot = "";
			targets = (
				558A54E725F6A4C9003E1072 /* TodayIs */,
				553C68BC268277FB00367E0C /* TodayIsWidgetExtension */,
			);
		};
/* End PBXProject section */

/* Begin PBXResourcesBuildPhase section */
		553C68BB268277FB00367E0C /* Resources */ = {
			isa = PBXResourcesBuildPhase;
			buildActionMask = 2147483647;
			files = (
				553C68C8268277FC00367E0C /* Assets.xcassets in Resources */,
			);
			runOnlyForDeploymentPostprocessing = 0;
		};
		558A54E625F6A4C9003E1072 /* Resources */ = {
			isa = PBXResourcesBuildPhase;
			buildActionMask = 2147483647;
			files = (
				558A54F325F6A4CA003E1072 /* Preview Assets.xcassets in Resources */,
				558A54F025F6A4CA003E1072 /* Assets.xcassets in Resources */,
				550FDB6D267AA59D000A211C /* Blue@3x.png in Resources */,
				550FDB71267AA5B0000A211C /* Green@3x.png in Resources */,
				55E562242669833C006F77C8 /* Blue.png in Resources */,
				550FDB75267AA5C4000A211C /* Pink@3x.png in Resources */,
				550FDB6B267AA596000A211C /* Blue@2x.png in Resources */,
				550FDB6F267AA5AB000A211C /* Green@2x.png in Resources */,
				550FDB73267AA5BF000A211C /* Pink@2x.png in Resources */,
				55E5622626698361006F77C8 /* Green.png in Resources */,
				55E5622826698381006F77C8 /* Pink.png in Resources */,
			);
			runOnlyForDeploymentPostprocessing = 0;
		};
/* End PBXResourcesBuildPhase section */

/* Begin PBXSourcesBuildPhase section */
		553C68B9268277FB00367E0C /* Sources */ = {
			isa = PBXSourcesBuildPhase;
			buildActionMask = 2147483647;
			files = (
				553C68CA268277FC00367E0C /* TodayIsWidget.intentdefinition in Sources */,
				553C68C5268277FB00367E0C /* TodayIsWidget.swift in Sources */,
			);
			runOnlyForDeploymentPostprocessing = 0;
		};
		558A54E425F6A4C9003E1072 /* Sources */ = {
			isa = PBXSourcesBuildPhase;
			buildActionMask = 2147483647;
			files = (
				55E5621D2668488F006F77C8 /* IAPManager.swift in Sources */,
				553ED5B82623BA99000D5757 /* NationalDayViewModel.swift in Sources */,
				550714E72630E2FD0036DE22 /* NationalDayLogo.swift in Sources */,
				55E5622126697E4A006F77C8 /* IconView.swift in Sources */,
				55C04760261FAA5A000DCD90 /* Alert.swift in Sources */,
				55C04759261FA94D000DCD90 /* NetworkManager.swift in Sources */,
				55E5621326683428006F77C8 /* TipJarView.swift in Sources */,
				55E562112668336F006F77C8 /* MoreDetailedView.swift in Sources */,
				553C68CB268277FC00367E0C /* TodayIsWidget.intentdefinition in Sources */,
				55E5620A266674AF006F77C8 /* SearchViewModel.swift in Sources */,
				557AED0A2628F50E009B6FCD /* RemoteImage.swift in Sources */,
				553ED5AC26226C0B000D5757 /* Holiday.swift in Sources */,
				55E77C1D262C99E4000AF1BD /* TIButton.swift in Sources */,
				55C0475C261FAA2A000DCD90 /* TIError.swift in Sources */,
				5583E83126418BE900CD66DC /* TomorrowListView.swift in Sources */,
				553C68D426827D1400367E0C /* WidgetNetworkManager.swift in Sources */,
				558A54EE25F6A4C9003E1072 /* NationalDayView.swift in Sources */,
				55E56230266C4EAB006F77C8 /* EmptyState.swift in Sources */,
				55E5620F2666B2DB006F77C8 /* Date+Ext.swift in Sources */,
				55E5622A266985EE006F77C8 /* IconNames.swift in Sources */,
				55E56233266C4F03006F77C8 /* SearchDatePicker.swift in Sources */,
				553ED5AF26234AC5000D5757 /* NationalDayListViewModel.swift in Sources */,
				5583E83426418EF200CD66DC /* TomorrowListViewModel.swift in Sources */,
				55E56238266C5109006F77C8 /* NationalHolidayLinkLogo.swift in Sources */,
				5598E17A2662FA910047B02B /* SearchView.swift in Sources */,
				5598E17D2662FAAA0047B02B /* MoreView.swift in Sources */,
				55E5621F266972AC006F77C8 /* APRow.swift in Sources */,
				55E56236266C4F5F006F77C8 /* SearchListView.swift in Sources */,
				558A54EC25F6A4C9003E1072 /* TodayIsApp.swift in Sources */,
				5598E1772662F7890047B02B /* TabBarView.swift in Sources */,
				55E5620D26667B27006F77C8 /* String+Ext.swift in Sources */,
				55E562182668351D006F77C8 /* DeveloperView.swift in Sources */,
				55C04754261FA653000DCD90 /* NationalDayListView.swift in Sources */,
			);
			runOnlyForDeploymentPostprocessing = 0;
		};
/* End PBXSourcesBuildPhase section */

/* Begin PBXTargetDependency section */
		553C68CD268277FC00367E0C /* PBXTargetDependency */ = {
			isa = PBXTargetDependency;
			target = 553C68BC268277FB00367E0C /* TodayIsWidgetExtension */;
			targetProxy = 553C68CC268277FC00367E0C /* PBXContainerItemProxy */;
		};
/* End PBXTargetDependency section */

/* Begin XCBuildConfiguration section */
		553C68D0268277FC00367E0C /* Debug */ = {
			isa = XCBuildConfiguration;
			buildSettings = {
				ASSETCATALOG_COMPILER_GLOBAL_ACCENT_COLOR_NAME = AccentColor;
				ASSETCATALOG_COMPILER_WIDGET_BACKGROUND_COLOR_NAME = WidgetBackground;
				CODE_SIGN_STYLE = Automatic;
				CURRENT_PROJECT_VERSION = 7;
				DEVELOPMENT_TEAM = 6JBM5ZNF6C;
				INFOPLIST_FILE = TodayIsWidget/Info.plist;
				IPHONEOS_DEPLOYMENT_TARGET = 14.5;
				LD_RUNPATH_SEARCH_PATHS = (
					"$(inherited)",
					"@executable_path/Frameworks",
					"@executable_path/../../Frameworks",
				);
				MARKETING_VERSION = 2.1;
				PRODUCT_BUNDLE_IDENTIFIER = com.Swifttom.TodayIs.TodayIsWidget;
				PRODUCT_NAME = "$(TARGET_NAME)";
				SKIP_INSTALL = YES;
				SWIFT_VERSION = 5.0;
				TARGETED_DEVICE_FAMILY = "1,2";
			};
			name = Debug;
		};
		553C68D1268277FC00367E0C /* Release */ = {
			isa = XCBuildConfiguration;
			buildSettings = {
				ASSETCATALOG_COMPILER_GLOBAL_ACCENT_COLOR_NAME = AccentColor;
				ASSETCATALOG_COMPILER_WIDGET_BACKGROUND_COLOR_NAME = WidgetBackground;
				CODE_SIGN_STYLE = Automatic;
				CURRENT_PROJECT_VERSION = 7;
				DEVELOPMENT_TEAM = 6JBM5ZNF6C;
				INFOPLIST_FILE = TodayIsWidget/Info.plist;
				IPHONEOS_DEPLOYMENT_TARGET = 14.5;
				LD_RUNPATH_SEARCH_PATHS = (
					"$(inherited)",
					"@executable_path/Frameworks",
					"@executable_path/../../Frameworks",
				);
				MARKETING_VERSION = 2.1;
				PRODUCT_BUNDLE_IDENTIFIER = com.Swifttom.TodayIs.TodayIsWidget;
				PRODUCT_NAME = "$(TARGET_NAME)";
				SKIP_INSTALL = YES;
				SWIFT_VERSION = 5.0;
				TARGETED_DEVICE_FAMILY = "1,2";
			};
			name = Release;
		};
		558A54F525F6A4CA003E1072 /* Debug */ = {
			isa = XCBuildConfiguration;
			buildSettings = {
				ALWAYS_SEARCH_USER_PATHS = NO;
				CLANG_ANALYZER_NONNULL = YES;
				CLANG_ANALYZER_NUMBER_OBJECT_CONVERSION = YES_AGGRESSIVE;
				CLANG_CXX_LANGUAGE_STANDARD = "gnu++14";
				CLANG_CXX_LIBRARY = "libc++";
				CLANG_ENABLE_MODULES = YES;
				CLANG_ENABLE_OBJC_ARC = YES;
				CLANG_ENABLE_OBJC_WEAK = YES;
				CLANG_WARN_BLOCK_CAPTURE_AUTORELEASING = YES;
				CLANG_WARN_BOOL_CONVERSION = YES;
				CLANG_WARN_COMMA = YES;
				CLANG_WARN_CONSTANT_CONVERSION = YES;
				CLANG_WARN_DEPRECATED_OBJC_IMPLEMENTATIONS = YES;
				CLANG_WARN_DIRECT_OBJC_ISA_USAGE = YES_ERROR;
				CLANG_WARN_DOCUMENTATION_COMMENTS = YES;
				CLANG_WARN_EMPTY_BODY = YES;
				CLANG_WARN_ENUM_CONVERSION = YES;
				CLANG_WARN_INFINITE_RECURSION = YES;
				CLANG_WARN_INT_CONVERSION = YES;
				CLANG_WARN_NON_LITERAL_NULL_CONVERSION = YES;
				CLANG_WARN_OBJC_IMPLICIT_RETAIN_SELF = YES;
				CLANG_WARN_OBJC_LITERAL_CONVERSION = YES;
				CLANG_WARN_OBJC_ROOT_CLASS = YES_ERROR;
				CLANG_WARN_QUOTED_INCLUDE_IN_FRAMEWORK_HEADER = YES;
				CLANG_WARN_RANGE_LOOP_ANALYSIS = YES;
				CLANG_WARN_STRICT_PROTOTYPES = YES;
				CLANG_WARN_SUSPICIOUS_MOVE = YES;
				CLANG_WARN_UNGUARDED_AVAILABILITY = YES_AGGRESSIVE;
				CLANG_WARN_UNREACHABLE_CODE = YES;
				CLANG_WARN__DUPLICATE_METHOD_MATCH = YES;
				COPY_PHASE_STRIP = NO;
				DEBUG_INFORMATION_FORMAT = dwarf;
				ENABLE_STRICT_OBJC_MSGSEND = YES;
				ENABLE_TESTABILITY = YES;
				GCC_C_LANGUAGE_STANDARD = gnu11;
				GCC_DYNAMIC_NO_PIC = NO;
				GCC_NO_COMMON_BLOCKS = YES;
				GCC_OPTIMIZATION_LEVEL = 0;
				GCC_PREPROCESSOR_DEFINITIONS = (
					"DEBUG=1",
					"$(inherited)",
				);
				GCC_WARN_64_TO_32_BIT_CONVERSION = YES;
				GCC_WARN_ABOUT_RETURN_TYPE = YES_ERROR;
				GCC_WARN_UNDECLARED_SELECTOR = YES;
				GCC_WARN_UNINITIALIZED_AUTOS = YES_AGGRESSIVE;
				GCC_WARN_UNUSED_FUNCTION = YES;
				GCC_WARN_UNUSED_VARIABLE = YES;
				IPHONEOS_DEPLOYMENT_TARGET = 14.4;
				MTL_ENABLE_DEBUG_INFO = INCLUDE_SOURCE;
				MTL_FAST_MATH = YES;
				ONLY_ACTIVE_ARCH = YES;
				SDKROOT = iphoneos;
				SWIFT_ACTIVE_COMPILATION_CONDITIONS = DEBUG;
				SWIFT_OPTIMIZATION_LEVEL = "-Onone";
			};
			name = Debug;
		};
		558A54F625F6A4CA003E1072 /* Release */ = {
			isa = XCBuildConfiguration;
			buildSettings = {
				ALWAYS_SEARCH_USER_PATHS = NO;
				CLANG_ANALYZER_NONNULL = YES;
				CLANG_ANALYZER_NUMBER_OBJECT_CONVERSION = YES_AGGRESSIVE;
				CLANG_CXX_LANGUAGE_STANDARD = "gnu++14";
				CLANG_CXX_LIBRARY = "libc++";
				CLANG_ENABLE_MODULES = YES;
				CLANG_ENABLE_OBJC_ARC = YES;
				CLANG_ENABLE_OBJC_WEAK = YES;
				CLANG_WARN_BLOCK_CAPTURE_AUTORELEASING = YES;
				CLANG_WARN_BOOL_CONVERSION = YES;
				CLANG_WARN_COMMA = YES;
				CLANG_WARN_CONSTANT_CONVERSION = YES;
				CLANG_WARN_DEPRECATED_OBJC_IMPLEMENTATIONS = YES;
				CLANG_WARN_DIRECT_OBJC_ISA_USAGE = YES_ERROR;
				CLANG_WARN_DOCUMENTATION_COMMENTS = YES;
				CLANG_WARN_EMPTY_BODY = YES;
				CLANG_WARN_ENUM_CONVERSION = YES;
				CLANG_WARN_INFINITE_RECURSION = YES;
				CLANG_WARN_INT_CONVERSION = YES;
				CLANG_WARN_NON_LITERAL_NULL_CONVERSION = YES;
				CLANG_WARN_OBJC_IMPLICIT_RETAIN_SELF = YES;
				CLANG_WARN_OBJC_LITERAL_CONVERSION = YES;
				CLANG_WARN_OBJC_ROOT_CLASS = YES_ERROR;
				CLANG_WARN_QUOTED_INCLUDE_IN_FRAMEWORK_HEADER = YES;
				CLANG_WARN_RANGE_LOOP_ANALYSIS = YES;
				CLANG_WARN_STRICT_PROTOTYPES = YES;
				CLANG_WARN_SUSPICIOUS_MOVE = YES;
				CLANG_WARN_UNGUARDED_AVAILABILITY = YES_AGGRESSIVE;
				CLANG_WARN_UNREACHABLE_CODE = YES;
				CLANG_WARN__DUPLICATE_METHOD_MATCH = YES;
				COPY_PHASE_STRIP = NO;
				DEBUG_INFORMATION_FORMAT = "dwarf-with-dsym";
				ENABLE_NS_ASSERTIONS = NO;
				ENABLE_STRICT_OBJC_MSGSEND = YES;
				GCC_C_LANGUAGE_STANDARD = gnu11;
				GCC_NO_COMMON_BLOCKS = YES;
				GCC_WARN_64_TO_32_BIT_CONVERSION = YES;
				GCC_WARN_ABOUT_RETURN_TYPE = YES_ERROR;
				GCC_WARN_UNDECLARED_SELECTOR = YES;
				GCC_WARN_UNINITIALIZED_AUTOS = YES_AGGRESSIVE;
				GCC_WARN_UNUSED_FUNCTION = YES;
				GCC_WARN_UNUSED_VARIABLE = YES;
				IPHONEOS_DEPLOYMENT_TARGET = 14.4;
				MTL_ENABLE_DEBUG_INFO = NO;
				MTL_FAST_MATH = YES;
				SDKROOT = iphoneos;
				SWIFT_COMPILATION_MODE = wholemodule;
				SWIFT_OPTIMIZATION_LEVEL = "-O";
				VALIDATE_PRODUCT = YES;
			};
			name = Release;
		};
		558A54F825F6A4CA003E1072 /* Debug */ = {
			isa = XCBuildConfiguration;
			buildSettings = {
				ALWAYS_EMBED_SWIFT_STANDARD_LIBRARIES = YES;
				ASSETCATALOG_COMPILER_APPICON_NAME = AppIcon;
				ASSETCATALOG_COMPILER_GLOBAL_ACCENT_COLOR_NAME = AccentColor;
				CODE_SIGN_STYLE = Automatic;
				CURRENT_PROJECT_VERSION = 7;
				DEVELOPMENT_ASSET_PATHS = "\"TodayIs/Preview Content\"";
				DEVELOPMENT_TEAM = 6JBM5ZNF6C;
				ENABLE_PREVIEWS = YES;
				INFOPLIST_FILE = TodayIs/Info.plist;
				IPHONEOS_DEPLOYMENT_TARGET = 14.0;
				LD_RUNPATH_SEARCH_PATHS = (
					"$(inherited)",
					"@executable_path/Frameworks",
				);
				MARKETING_VERSION = 2.1;
				PRODUCT_BUNDLE_IDENTIFIER = com.Swifttom.TodayIs;
				PRODUCT_NAME = "$(TARGET_NAME)";
				SWIFT_VERSION = 5.0;
				TARGETED_DEVICE_FAMILY = 1;
			};
			name = Debug;
		};
		558A54F925F6A4CA003E1072 /* Release */ = {
			isa = XCBuildConfiguration;
			buildSettings = {
				ALWAYS_EMBED_SWIFT_STANDARD_LIBRARIES = YES;
				ASSETCATALOG_COMPILER_APPICON_NAME = AppIcon;
				ASSETCATALOG_COMPILER_GLOBAL_ACCENT_COLOR_NAME = AccentColor;
				CODE_SIGN_STYLE = Automatic;
				CURRENT_PROJECT_VERSION = 7;
				DEVELOPMENT_ASSET_PATHS = "\"TodayIs/Preview Content\"";
				DEVELOPMENT_TEAM = 6JBM5ZNF6C;
				ENABLE_PREVIEWS = YES;
				INFOPLIST_FILE = TodayIs/Info.plist;
				IPHONEOS_DEPLOYMENT_TARGET = 14.0;
				LD_RUNPATH_SEARCH_PATHS = (
					"$(inherited)",
					"@executable_path/Frameworks",
				);
				MARKETING_VERSION = 2.1;
				PRODUCT_BUNDLE_IDENTIFIER = com.Swifttom.TodayIs;
				PRODUCT_NAME = "$(TARGET_NAME)";
				SWIFT_VERSION = 5.0;
				TARGETED_DEVICE_FAMILY = 1;
			};
			name = Release;
		};
/* End XCBuildConfiguration section */

/* Begin XCConfigurationList section */
		553C68D2268277FC00367E0C /* Build configuration list for PBXNativeTarget "TodayIsWidgetExtension" */ = {
			isa = XCConfigurationList;
			buildConfigurations = (
				553C68D0268277FC00367E0C /* Debug */,
				553C68D1268277FC00367E0C /* Release */,
			);
			defaultConfigurationIsVisible = 0;
			defaultConfigurationName = Release;
		};
		558A54E325F6A4C9003E1072 /* Build configuration list for PBXProject "TodayIs" */ = {
			isa = XCConfigurationList;
			buildConfigurations = (
				558A54F525F6A4CA003E1072 /* Debug */,
				558A54F625F6A4CA003E1072 /* Release */,
			);
			defaultConfigurationIsVisible = 0;
			defaultConfigurationName = Release;
		};
		558A54F725F6A4CA003E1072 /* Build configuration list for PBXNativeTarget "TodayIs" */ = {
			isa = XCConfigurationList;
			buildConfigurations = (
				558A54F825F6A4CA003E1072 /* Debug */,
				558A54F925F6A4CA003E1072 /* Release */,
			);
			defaultConfigurationIsVisible = 0;
			defaultConfigurationName = Release;
		};
/* End XCConfigurationList section */

/* Begin XCRemoteSwiftPackageReference section */
		553ED5A626225A2A000D5757 /* XCRemoteSwiftPackageReference "SwiftSoup" */ = {
			isa = XCRemoteSwiftPackageReference;
			repositoryURL = "https://github.com/scinfu/SwiftSoup";
			requirement = {
				kind = upToNextMajorVersion;
				minimumVersion = 2.3.2;
			};
		};
		55E1FF6D26350576007FA5CB /* XCRemoteSwiftPackageReference "SwiftUIRefresh" */ = {
			isa = XCRemoteSwiftPackageReference;
			repositoryURL = "https://github.com/timbersoftware/SwiftUIRefresh.git";
			requirement = {
				kind = upToNextMajorVersion;
				minimumVersion = 0.0.3;
			};
		};
		55E5621926684839006F77C8 /* XCRemoteSwiftPackageReference "purchases-ios" */ = {
			isa = XCRemoteSwiftPackageReference;
			repositoryURL = "https://github.com/RevenueCat/purchases-ios.git";
			requirement = {
				kind = upToNextMajorVersion;
				minimumVersion = 3.11.1;
			};
		};
/* End XCRemoteSwiftPackageReference section */

/* Begin XCSwiftPackageProductDependency section */
		553C68D52682845F00367E0C /* SwiftSoup */ = {
			isa = XCSwiftPackageProductDependency;
			package = 553ED5A626225A2A000D5757 /* XCRemoteSwiftPackageReference "SwiftSoup" */;
			productName = SwiftSoup;
		};
		553ED5A726225A2A000D5757 /* SwiftSoup */ = {
			isa = XCSwiftPackageProductDependency;
			package = 553ED5A626225A2A000D5757 /* XCRemoteSwiftPackageReference "SwiftSoup" */;
			productName = SwiftSoup;
		};
		55E1FF6E26350576007FA5CB /* SwiftUIRefresh */ = {
			isa = XCSwiftPackageProductDependency;
			package = 55E1FF6D26350576007FA5CB /* XCRemoteSwiftPackageReference "SwiftUIRefresh" */;
			productName = SwiftUIRefresh;
		};
		55E5621A26684839006F77C8 /* Purchases */ = {
			isa = XCSwiftPackageProductDependency;
			package = 55E5621926684839006F77C8 /* XCRemoteSwiftPackageReference "purchases-ios" */;
			productName = Purchases;
		};
/* End XCSwiftPackageProductDependency section */
	};
	rootObject = 558A54E025F6A4C9003E1072 /* Project object */;
}
